github.com/davecgh/go-spew v1.1.0/go.mod h1:J7Y8YcW2NihsgmVo/mv3lAwl/skON4iLHjSsI+c5H38=
github.com/davecgh/go-spew v1.1.1 h1:vj9j/u1bqnvCEfJOwUhtlOARqs3+rkHYY13jYWTU97c=
github.com/davecgh/go-spew v1.1.1/go.mod h1:J7Y8YcW2NihsgmVo/mv3lAwl/skON4iLHjSsI+c5H38=
github.com/eclipse/paho.mqtt.golang v1.2.0 h1:1F8mhG9+aO5/xpdtFkW4SxOJB67ukuDC3t2y2qayIX0=
github.com/eclipse/paho.mqtt.golang v1.2.0/go.mod h1:H9keYFcgq3Qr5OUJm/JZI/i6U7joQ8SYLhZwfeOo6Ts=
github.com/google/uuid v1.0.0 h1:b4Gk+7WdP/d3HZH8EJsZpvV7EtDOgaZLtnaNGIu1adA=
github.com/google/uuid v1.0.0/go.mod h1:TIyPZe4MgqvfeYDBFedMoGGpEw/LqOeaOT+nhxU+yHo=
github.com/google/uuid v1.1.0 h1:Jf4mxPC/ziBnoPIdpQdPJ9OeiomAUHLvxmPRSPH9m4s=
github.com/google/uuid v1.1.0/go.mod h1:TIyPZe4MgqvfeYDBFedMoGGpEw/LqOeaOT+nhxU+yHo=
github.com/google/uuid v1.1.1 h1:Gkbcsh/GbpXz7lPftLA3P6TYMwjCLYm83jiFQZF/3gY=
github.com/google/uuid v1.1.1/go.mod h1:TIyPZe4MgqvfeYDBFedMoGGpEw/LqOeaOT+nhxU+yHo=
github.com/gorilla/mux v0.0.0-20181030152528-3d80bc801bb0 h1:YgBMKQ7PiC1CepcIEzovEjm4knoYycNpz/81l6rpS2s=
github.com/gorilla/mux v0.0.0-20181030152528-3d80bc801bb0/go.mod h1:1lud6UwP+6orDFRuTfBEV8e9/aOM/c4fVVCaMa2zaAs=
github.com/influxdata/influxdb v1.7.6 h1:8mQ7A/V+3noMGCt/P9pD09ISaiz9XvgCk303UYA3gcs=
github.com/influxdata/influxdb v1.7.6/go.mod h1:qZna6X/4elxqT3yI9iZYdZrWWdeFOOprn86kgg4+IzY=
github.com/konsorten/go-windows-terminal-sequences v1.0.1/go.mod h1:T0+1ngSBFLxvqU3pZ+m/2kptfBszLMUkC4ZK/EgS/cQ=
github.com/konsorten/go-windows-terminal-sequences v1.0.2 h1:DB17ag19krx9CFsz4o3enTrPXyIXCl+2iCXH/aMAp9s=
github.com/konsorten/go-windows-terminal-sequences v1.0.2/go.mod h1:T0+1ngSBFLxvqU3pZ+m/2kptfBszLMUkC4ZK/EgS/cQ=
github.com/pborman/uuid v1.2.0 h1:J7Q5mO4ysT1dv8hyrUGHb9+ooztCXu1D8MY8DZYsu3g=
github.com/pborman/uuid v1.2.0/go.mod h1:X/NO0urCmaxf9VXbdlT7C2Yzkj2IKimNn4k+gtPdI/k=
github.com/pkg/errors v0.8.1 h1:iURUrRGxPUNPdy5/HRSm+Yj6okJ6UtLINN0Q9M4+h3I=
github.com/pkg/errors v0.8.1/go.mod h1:bwawxfHBFNV+L2hUp1rHADufV3IMtnDRdf1r5NINEl0=
github.com/pmezard/go-difflib v1.0.0 h1:4DBwDE0NGyQoBHbLQYPwSUPoCMWR5BEzIk/f1lZbAQM=
github.com/pmezard/go-difflib v1.0.0/go.mod h1:iKH77koFhYxTK1pcRnkKkqfTogsbg7gZNVY4sRDYZ/4=
github.com/sirupsen/logrus v1.4.1 h1:GL2rEmy6nsikmW0r8opw9JIRScdMF5hA8cOYLH7In1k=
github.com/sirupsen/logrus v1.4.1/go.mod h1:ni0Sbl8bgC9z8RoU9G6nDWqqs/fq4eDPysMBDgk/93Q=
github.com/sirupsen/logrus v1.4.2 h1:SPIRibHv4MatM3XXNO2BJeFLZwZ2LvZgfQ5+UNI2im4=
github.com/sirupsen/logrus v1.4.2/go.mod h1:tLMulIdttU9McNUspp0xgXVQah82FyeX6MwdIuYE2rE=
github.com/stretchr/objx v0.1.0/go.mod h1:HFkY916IF+rwdDfMAkV7OtwuqBVzrE8GR6GFx+wExME=
github.com/stretchr/objx v0.1.1/go.mod h1:HFkY916IF+rwdDfMAkV7OtwuqBVzrE8GR6GFx+wExME=
github.com/stretchr/objx v0.2.0/go.mod h1:qt09Ya8vawLte6SNmTgCsAVtYtaKzEcn8ATUoHMkEqE=
github.com/stretchr/testify v1.2.2 h1:bSDNvY7ZPG5RlJ8otE/7V6gMiyenm9RtJ7IUVIAoJ1w=
github.com/stretchr/testify v1.2.2/go.mod h1:a8OnRcib4nhh0OaRAV+Yts87kKdq0PP7pXfy6kDkUVs=
github.com/stretchr/testify v1.3.0/go.mod h1:M5WIy9Dh21IEIfnGCwXGc5bZfKNJtfHm1UVUgZn+9EI=
github.com/xeipuuv/gojsonpointer v0.0.0-20180127040702-4e3ac2762d5f h1:J9EGpcZtP0E/raorCMxlFGSTBrsSlaDGf3jU/qvAE2c=
github.com/xeipuuv/gojsonpointer v0.0.0-20180127040702-4e3ac2762d5f/go.mod h1:N2zxlSyiKSe5eX1tZViRH5QA0qijqEDrYZiPEAiq3wU=
github.com/xeipuuv/gojsonreference v0.0.0-20180127040603-bd5ef7bd5415 h1:EzJWgHovont7NscjpAxXsDA8S8BMYve8Y5+7cuRE7R0=
github.com/xeipuuv/gojsonreference v0.0.0-20180127040603-bd5ef7bd5415/go.mod h1:GwrjFmJcFw6At/Gs6z4yjiIwzuJ1/+UwLxMQDVQXShQ=
github.com/xeipuuv/gojsonschema v1.1.0 h1:ngVtJC9TY/lg0AA/1k48FYhBrhRoFlEmWzsehpNAaZg=
github.com/xeipuuv/gojsonschema v1.1.0/go.mod h1:5yf86TLmAcydyeJq5YvxkGPE2fm/u4myDekKRoLuqhs=
github.impcloud.net/RSP-Inventory-Suite/expect v1.0.1 h1:8lZWeT6BYkSdlZrtuWz+2Z2nD5nWBRugimSjnQSzFGU=
github.impcloud.net/RSP-Inventory-Suite/expect v1.0.1/go.mod h1:E+a15BBtQmZpww1wVNivY+9ADMv6jIyVUGPEWX5JuNQ=
github.impcloud.net/RSP-Inventory-Suite/goplumber v0.0.0-20190614173657-ccc6e1b799b6 h1:Pzxy6ZeLl7LpaOSDlNIx1EkL7UsxTiWW+AX4gnwRfU4=
github.impcloud.net/RSP-Inventory-Suite/goplumber v0.0.0-20190614173657-ccc6e1b799b6/go.mod h1:CbE3Z+Ck1enslWL3pr2cyNKxQxOEdCsXDXQSrL5oiuI=
github.impcloud.net/RSP-Inventory-Suite/goplumber v0.0.0-20190614200317-ddc81e8b0603 h1:fUUH6STacUUPbaxb/M3j02OYP4d9TJRtqfnBUaFx5og=
github.impcloud.net/RSP-Inventory-Suite/goplumber v0.0.0-20190614200317-ddc81e8b0603/go.mod h1:CbE3Z+Ck1enslWL3pr2cyNKxQxOEdCsXDXQSrL5oiuI=
github.impcloud.net/RSP-Inventory-Suite/goplumber v0.0.0-20190627192106-996bcf8e31b8 h1:DnZW4nVFdQr8/XZIW3E3hXjpdScDTjuPg/9cIkSOM3M=
github.impcloud.net/RSP-Inventory-Suite/goplumber v0.0.0-20190627192106-996bcf8e31b8/go.mod h1:CbE3Z+Ck1enslWL3pr2cyNKxQxOEdCsXDXQSrL5oiuI=
github.impcloud.net/RSP-Inventory-Suite/goplumber v1.0.1/go.mod h1:CbE3Z+Ck1enslWL3pr2cyNKxQxOEdCsXDXQSrL5oiuI=
github.impcloud.net/RSP-Inventory-Suite/goplumber v1.1.0 h1:28oOsGtGY16jpdeR9du7YKgu3Fvm1+jHWfj2L0tUwks=
github.impcloud.net/RSP-Inventory-Suite/goplumber v1.1.0/go.mod h1:CbE3Z+Ck1enslWL3pr2cyNKxQxOEdCsXDXQSrL5oiuI=
github.impcloud.net/RSP-Inventory-Suite/goplumber v1.1.1-0.20190621035739-6875d2c6d4dc h1:OUZupJc9qvkjwRk3mdUgEiTfzeGe07t+SzclCHqpBnQ=
github.impcloud.net/RSP-Inventory-Suite/goplumber v1.1.1-0.20190621035739-6875d2c6d4dc/go.mod h1:CbE3Z+Ck1enslWL3pr2cyNKxQxOEdCsXDXQSrL5oiuI=
github.impcloud.net/RSP-Inventory-Suite/goplumber v1.1.1-0.20190621042724-48c80525c3f7 h1:lYDbqb07e2hQ16XN2OH13ZF6BQU2fm0h2WcJyOZkQ3A=
github.impcloud.net/RSP-Inventory-Suite/goplumber v1.1.1-0.20190621042724-48c80525c3f7/go.mod h1:CbE3Z+Ck1enslWL3pr2cyNKxQxOEdCsXDXQSrL5oiuI=
github.impcloud.net/RSP-Inventory-Suite/goplumber v1.1.1-0.20190621043247-4969d9f166b1 h1:s/Y+yj1c1hQvGqHjYRHcsZ3VoJXIh68W11ngYnx7KV4=
github.impcloud.net/RSP-Inventory-Suite/goplumber v1.1.1-0.20190621043247-4969d9f166b1/go.mod h1:CbE3Z+Ck1enslWL3pr2cyNKxQxOEdCsXDXQSrL5oiuI=
github.impcloud.net/RSP-Inventory-Suite/goplumber v1.1.1-0.20190621221526-6c3e62f290c2 h1:8niv2ZJVJ88H9nJwCZpfnz4/2CsG/YrcglvGSZt7qxw=
github.impcloud.net/RSP-Inventory-Suite/goplumber v1.1.1-0.20190621221526-6c3e62f290c2/go.mod h1:CbE3Z+Ck1enslWL3pr2cyNKxQxOEdCsXDXQSrL5oiuI=
github.impcloud.net/RSP-Inventory-Suite/goplumber v1.1.1-0.20190621225839-7e26ed4c1fb3 h1:dbCoi+PdZ9tPt9MERPhVUN8B4qhDHzY99ZfjVf87fOA=
github.impcloud.net/RSP-Inventory-Suite/goplumber v1.1.1-0.20190621225839-7e26ed4c1fb3/go.mod h1:CbE3Z+Ck1enslWL3pr2cyNKxQxOEdCsXDXQSrL5oiuI=
github.impcloud.net/RSP-Inventory-Suite/goplumber v1.1.1-0.20190624192142-6d2c2866a612 h1:rkk+5WbIq+3uKBU8+TCOrFSfdm2FZ30QpSuaxTlmiU8=
github.impcloud.net/RSP-Inventory-Suite/goplumber v1.1.1-0.20190624192142-6d2c2866a612/go.mod h1:CbE3Z+Ck1enslWL3pr2cyNKxQxOEdCsXDXQSrL5oiuI=
github.impcloud.net/RSP-Inventory-Suite/goplumber v1.1.1-0.20190624194127-bc9dd59096aa h1:66/8CkO8JEPdma/LFsOVM/JKL4h/pvsGaTWZRZpzRM0=
github.impcloud.net/RSP-Inventory-Suite/goplumber v1.1.1-0.20190624194127-bc9dd59096aa/go.mod h1:CbE3Z+Ck1enslWL3pr2cyNKxQxOEdCsXDXQSrL5oiuI=
github.impcloud.net/RSP-Inventory-Suite/goplumber v1.1.1-0.20190626075838-ad2d991ddf00 h1:NyY4GbDQ41CzRemQ3AZxeGSpz3ZHprMQ0Nqvyq9smuA=
github.impcloud.net/RSP-Inventory-Suite/goplumber v1.1.1-0.20190626075838-ad2d991ddf00/go.mod h1:CbE3Z+Ck1enslWL3pr2cyNKxQxOEdCsXDXQSrL5oiuI=
github.impcloud.net/RSP-Inventory-Suite/goplumber v1.1.1-0.20190626095906-9356b5f66f98 h1:upXerjN3FNKppvhrqyxmmUodtAGusJKfoEC3h5GLtAw=
github.impcloud.net/RSP-Inventory-Suite/goplumber v1.1.1-0.20190626095906-9356b5f66f98/go.mod h1:CbE3Z+Ck1enslWL3pr2cyNKxQxOEdCsXDXQSrL5oiuI=
github.impcloud.net/RSP-Inventory-Suite/goplumber v1.1.1-0.20190626101640-49b040f5dbe2 h1:PVQo7NFkwwlkYHxTXPJjsxMRNIHGY1qBpGhte071JZU=
github.impcloud.net/RSP-Inventory-Suite/goplumber v1.1.1-0.20190626101640-49b040f5dbe2/go.mod h1:CbE3Z+Ck1enslWL3pr2cyNKxQxOEdCsXDXQSrL5oiuI=
github.impcloud.net/RSP-Inventory-Suite/goplumber v1.1.1-0.20190626102616-f61b812b1c69 h1:wiTB1El+Q1tLUweciIYkiNtv/I61FCGZK+vzR86ymY0=
github.impcloud.net/RSP-Inventory-Suite/goplumber v1.1.1-0.20190626102616-f61b812b1c69/go.mod h1:CbE3Z+Ck1enslWL3pr2cyNKxQxOEdCsXDXQSrL5oiuI=
github.impcloud.net/RSP-Inventory-Suite/goplumber v1.1.1-0.20190626171631-4af03745f478 h1:SBJXkgQRvjDIWk4cxAuqwaNKUNqkfAvFtaDfvLazNTw=
github.impcloud.net/RSP-Inventory-Suite/goplumber v1.1.1-0.20190626171631-4af03745f478/go.mod h1:CbE3Z+Ck1enslWL3pr2cyNKxQxOEdCsXDXQSrL5oiuI=
github.impcloud.net/RSP-Inventory-Suite/goplumber v1.1.1-0.20190627070632-df53f08b3d44 h1:gbwDL1HeEkDR8F0vYsiSzeAgIKSU1yeiMGJc8iTABV0=
github.impcloud.net/RSP-Inventory-Suite/goplumber v1.1.1-0.20190627070632-df53f08b3d44/go.mod h1:CbE3Z+Ck1enslWL3pr2cyNKxQxOEdCsXDXQSrL5oiuI=
github.impcloud.net/RSP-Inventory-Suite/goplumber v1.1.1-0.20190627170946-e6cd1c4d25a0 h1:sQGgQYaZaRSTGW0+3Jvtl29189l2j8jfsgm1VuoRdPk=
github.impcloud.net/RSP-Inventory-Suite/goplumber v1.1.1-0.20190627170946-e6cd1c4d25a0/go.mod h1:CbE3Z+Ck1enslWL3pr2cyNKxQxOEdCsXDXQSrL5oiuI=
github.impcloud.net/RSP-Inventory-Suite/goplumber v1.1.1-0.20190627171724-eef0d64eb9dc h1:tftUrzVgGlE2GS48XD89Epixyb0+wKU8mwy54N2xOfU=
github.impcloud.net/RSP-Inventory-Suite/goplumber v1.1.1-0.20190627171724-eef0d64eb9dc/go.mod h1:CbE3Z+Ck1enslWL3pr2cyNKxQxOEdCsXDXQSrL5oiuI=
github.impcloud.net/RSP-Inventory-Suite/goplumber v1.1.1 h1:6eYEkW4znVX8iRK6JCfmIj9UqXG7eNzjjd12RzOdfrg=
github.impcloud.net/RSP-Inventory-Suite/goplumber v1.1.1/go.mod h1:CbE3Z+Ck1enslWL3pr2cyNKxQxOEdCsXDXQSrL5oiuI=
github.impcloud.net/Responsive-Retail-Core/utilities v0.0.0-20190103181243-564719abdd07 h1:AJO2Ncl/aFdqie0pjs677UsTmwt0R3oHr1yXP9G1u9Y=
github.impcloud.net/Responsive-Retail-Core/utilities v0.0.0-20190103181243-564719abdd07/go.mod h1:dYH6w4NKBPOmWDRgv/pIIu1ZwinQSyu+9N/EgDHKofM=
golang.org/x/crypto v0.0.0-20190308221718-c2843e01d9a2/go.mod h1:djNgcEr1/C05ACkg1iLfiJU5Ep61QUkGW8qpdssI0+w=
golang.org/x/crypto v0.0.0-20190611184440-5c40567a22f8/go.mod h1:yigFU9vqHzYiE8UmvKecakEJjdnWj3jj499lnFckfCI=
golang.org/x/net v0.0.0-20190311183353-d8887717615a/go.mod h1:t9HGtf8HONx5eT2rtn7q6eTqICYqUVnKs3thJo3Qplg=
golang.org/x/net v0.0.0-20190404232315-eb5bcb51f2a3/go.mod h1:t9HGtf8HONx5eT2rtn7q6eTqICYqUVnKs3thJo3Qplg=
golang.org/x/net v0.0.0-20190424112056-4829fb13d2c6 h1:FP8hkuE6yUEaJnK7O2eTuejKWwW+Rhfj80dQ2JcKxCU=
golang.org/x/net v0.0.0-20190424112056-4829fb13d2c6/go.mod h1:t9HGtf8HONx5eT2rtn7q6eTqICYqUVnKs3thJo3Qplg=
golang.org/x/net v0.0.0-20190613194153-d28f0bde5980 h1:dfGZHvZk057jK2MCeWus/TowKpJ8y4AmooUzdBSR9GU=
golang.org/x/net v0.0.0-20190613194153-d28f0bde5980/go.mod h1:z5CRVTTTmAJ677TzLLGU+0bjPO0LkuOLi4/5GtJWs/s=
golang.org/x/sync v0.0.0-20190423024810-112230192c58/go.mod h1:RxMgew5VJxzue5/jJTE5uejpjVlOe/izrB70Jof72aM=
golang.org/x/sys v0.0.0-20180905080454-ebe1bf3edb33/go.mod h1:STP8DvDyc/dI5b8T5hshtkjS+E42TnysNCUPdjciGhY=
golang.org/x/sys v0.0.0-20190215142949-d0b11bdaac8a h1:1BGLXjeY4akVXGgbC9HugT3Jv3hCI0z56oJR5vAMgBU=
golang.org/x/sys v0.0.0-20190215142949-d0b11bdaac8a/go.mod h1:STP8DvDyc/dI5b8T5hshtkjS+E42TnysNCUPdjciGhY=
golang.org/x/sys v0.0.0-20190412213103-97732733099d/go.mod h1:h1NjWce9XRLGQEsW7wpKNCjG9DtNlClVuFLEZdDNbEs=
golang.org/x/sys v0.0.0-20190422165155-953cdadca894/go.mod h1:h1NjWce9XRLGQEsW7wpKNCjG9DtNlClVuFLEZdDNbEs=
golang.org/x/sys v0.0.0-20190614160838-b47fdc937951/go.mod h1:h1NjWce9XRLGQEsW7wpKNCjG9DtNlClVuFLEZdDNbEs=
golang.org/x/text v0.3.0/go.mod h1:NqM8EUOU14njkJ3fqMW+pc6Ldnwhi/IjpwHt7yyuwOQ=
golang.org/x/text v0.3.2/go.mod h1:bEr9sfX3Q8Zfm5fL9x+3itogRgK3+ptLWKqgva+5dAk=
golang.org/x/tools v0.0.0-20180917221912-90fa682c2a6e/go.mod h1:n7NCudcB/nEzxVGmLbDWY5pfWTLqBcC2KZ6jyYvM4mQ=
golang.org/x/tools v0.0.0-20190614192758-9a3b5d688fe6/go.mod h1:/rFqwRUd4F7ZHNgwSSTFct+R/Kf4OFW1sUzUTQQTgfc=
